// !$*UTF8*$!
{
	archiveVersion = 1;
	classes = {
	};
	objectVersion = 50;
	objects = {

/* Begin PBXBuildFile section */
		6181111722FAA6B40075DBFF /* AppDelegate.swift in Sources */ = {isa = PBXBuildFile; fileRef = 6181111622FAA6B40075DBFF /* AppDelegate.swift */; };
		6181111922FAA6B40075DBFF /* ViewController.swift in Sources */ = {isa = PBXBuildFile; fileRef = 6181111822FAA6B40075DBFF /* ViewController.swift */; };
		6181111C22FAA6B40075DBFF /* Main.storyboard in Resources */ = {isa = PBXBuildFile; fileRef = 6181111A22FAA6B40075DBFF /* Main.storyboard */; };
		6181111E22FAA6B60075DBFF /* Assets.xcassets in Resources */ = {isa = PBXBuildFile; fileRef = 6181111D22FAA6B60075DBFF /* Assets.xcassets */; };
		6181112122FAA6B60075DBFF /* LaunchScreen.storyboard in Resources */ = {isa = PBXBuildFile; fileRef = 6181111F22FAA6B60075DBFF /* LaunchScreen.storyboard */; };
		6181112922FAA6E90075DBFF /* SubViewController.swift in Sources */ = {isa = PBXBuildFile; fileRef = 6181112822FAA6E90075DBFF /* SubViewController.swift */; };
/* End PBXBuildFile section */

/* Begin PBXFileReference section */
		6181111322FAA6B40075DBFF /* TestViewControllerTransition0807.app */ = {isa = PBXFileReference; explicitFileType = wrapper.application; includeInIndex = 0; path = TestViewControllerTransition0807.app; sourceTree = BUILT_PRODUCTS_DIR; };
		6181111622FAA6B40075DBFF /* AppDelegate.swift */ = {isa = PBXFileReference; lastKnownFileType = sourcecode.swift; path = AppDelegate.swift; sourceTree = "<group>"; };
		6181111822FAA6B40075DBFF /* ViewController.swift */ = {isa = PBXFileReference; lastKnownFileType = sourcecode.swift; path = ViewController.swift; sourceTree = "<group>"; };
		6181111B22FAA6B40075DBFF /* Base */ = {isa = PBXFileReference; lastKnownFileType = file.storyboard; name = Base; path = Base.lproj/Main.storyboard; sourceTree = "<group>"; };
		6181111D22FAA6B60075DBFF /* Assets.xcassets */ = {isa = PBXFileReference; lastKnownFileType = folder.assetcatalog; path = Assets.xcassets; sourceTree = "<group>"; };
		6181112022FAA6B60075DBFF /* Base */ = {isa = PBXFileReference; lastKnownFileType = file.storyboard; name = Base; path = Base.lproj/LaunchScreen.storyboard; sourceTree = "<group>"; };
		6181112222FAA6B60075DBFF /* Info.plist */ = {isa = PBXFileReference; lastKnownFileType = text.plist.xml; path = Info.plist; sourceTree = "<group>"; };
		6181112822FAA6E90075DBFF /* SubViewController.swift */ = {isa = PBXFileReference; lastKnownFileType = sourcecode.swift; path = SubViewController.swift; sourceTree = "<group>"; };
/* End PBXFileReference section */

/* Begin PBXFrameworksBuildPhase section */
		6181111022FAA6B40075DBFF /* Frameworks */ = {
			isa = PBXFrameworksBuildPhase;
			buildActionMask = 2147483647;
			files = (
			);
			runOnlyForDeploymentPostprocessing = 0;
		};
/* End PBXFrameworksBuildPhase section */

/* Begin PBXGroup section */
		6181110A22FAA6B40075DBFF = {
			isa = PBXGroup;
			children = (
				6181111522FAA6B40075DBFF /* TestViewControllerTransition0807 */,
				6181111422FAA6B40075DBFF /* Products */,
			);
			sourceTree = "<group>";
		};
		6181111422FAA6B40075DBFF /* Products */ = {
			isa = PBXGroup;
			children = (
				6181111322FAA6B40075DBFF /* TestViewControllerTransition0807.app */,
			);
			name = Products;
			sourceTree = "<group>";
		};
		6181111522FAA6B40075DBFF /* TestViewControllerTransition0807 */ = {
			isa = PBXGroup;
			children = (
				6181111622FAA6B40075DBFF /* AppDelegate.swift */,
				6181111822FAA6B40075DBFF /* ViewController.swift */,
				6181112822FAA6E90075DBFF /* SubViewController.swift */,
				6181111A22FAA6B40075DBFF /* Main.storyboard */,
				6181111D22FAA6B60075DBFF /* Assets.xcassets */,
				6181111F22FAA6B60075DBFF /* LaunchScreen.storyboard */,
				6181112222FAA6B60075DBFF /* Info.plist */,
			);
			path = TestViewControllerTransition0807;
			sourceTree = "<group>";
		};
/* End PBXGroup section */

/* Begin PBXNativeTarget section */
		6181111222FAA6B40075DBFF /* TestViewControllerTransition0807 */ = {
			isa = PBXNativeTarget;
			buildConfigurationList = 6181112522FAA6B60075DBFF /* Build configuration list for PBXNativeTarget "TestViewControllerTransition0807" */;
			buildPhases = (
				6181110F22FAA6B40075DBFF /* Sources */,
				6181111022FAA6B40075DBFF /* Frameworks */,
				6181111122FAA6B40075DBFF /* Resources */,
			);
			buildRules = (
			);
			dependencies = (
			);
			name = TestViewControllerTransition0807;
			productName = TestViewControllerTransition0807;
			productReference = 6181111322FAA6B40075DBFF /* TestViewControllerTransition0807.app */;
			productType = "com.apple.product-type.application";
		};
/* End PBXNativeTarget section */

/* Begin PBXProject section */
		6181110B22FAA6B40075DBFF /* Project object */ = {
			isa = PBXProject;
			attributes = {
				LastSwiftUpdateCheck = 1010;
				LastUpgradeCheck = 1010;
				ORGANIZATIONNAME = BCKK;
				TargetAttributes = {
					6181111222FAA6B40075DBFF = {
						CreatedOnToolsVersion = 10.1;
					};
				};
			};
			buildConfigurationList = 6181110E22FAA6B40075DBFF /* Build configuration list for PBXProject "TestViewControllerTransition0807" */;
			compatibilityVersion = "Xcode 9.3";
			developmentRegion = en;
			hasScannedForEncodings = 0;
			knownRegions = (
				en,
				Base,
			);
			mainGroup = 6181110A22FAA6B40075DBFF;
			productRefGroup = 6181111422FAA6B40075DBFF /* Products */;
			projectDirPath = "";
			projectRoot = "";
			targets = (
				6181111222FAA6B40075DBFF /* TestViewControllerTransition0807 */,
			);
		};
/* End PBXProject section */

/* Begin PBXResourcesBuildPhase section */
		6181111122FAA6B40075DBFF /* Resources */ = {
			isa = PBXResourcesBuildPhase;
			buildActionMask = 2147483647;
			files = (
				6181112122FAA6B60075DBFF /* LaunchScreen.storyboard in Resources */,
				6181111E22FAA6B60075DBFF /* Assets.xcassets in Resources */,
				6181111C22FAA6B40075DBFF /* Main.storyboard in Resources */,
			);
			runOnlyForDeploymentPostprocessing = 0;
		};
/* End PBXResourcesBuildPhase section */

/* Begin PBXSourcesBuildPhase section */
		6181110F22FAA6B40075DBFF /* Sources */ = {
			isa = PBXSourcesBuildPhase;
			buildActionMask = 2147483647;
			files = (
				6181112922FAA6E90075DBFF /* SubViewController.swift in Sources */,
				6181111922FAA6B40075DBFF /* ViewController.swift in Sources */,
				6181111722FAA6B40075DBFF /* AppDelegate.swift in Sources */,
			);
			runOnlyForDeploymentPostprocessing = 0;
		};
/* End PBXSourcesBuildPhase section */

/* Begin PBXVariantGroup section */
		6181111A22FAA6B40075DBFF /* Main.storyboard */ = {
			isa = PBXVariantGroup;
			children = (
				6181111B22FAA6B40075DBFF /* Base */,
			);
			name = Main.storyboard;
			sourceTree = "<group>";
		};
		6181111F22FAA6B60075DBFF /* LaunchScreen.storyboard */ = {
			isa = PBXVariantGroup;
			children = (
				6181112022FAA6B60075DBFF /* Base */,
			);
			name = LaunchScreen.storyboard;
			sourceTree = "<group>";
		};
/* End PBXVariantGroup section */

/* Begin XCBuildConfiguration section */
		6181112322FAA6B60075DBFF /* Debug */ = {
			isa = XCBuildConfiguration;
			buildSettings = {
				ALWAYS_SEARCH_USER_PATHS = NO;
				CLANG_ANALYZER_NONNULL = YES;
				CLANG_ANALYZER_NUMBER_OBJECT_CONVERSION = YES_AGGRESSIVE;
				CLANG_CXX_LANGUAGE_STANDARD = "gnu++14";
				CLANG_CXX_LIBRARY = "libc++";
				CLANG_ENABLE_MODULES = YES;
				CLANG_ENABLE_OBJC_ARC = YES;
				CLANG_ENABLE_OBJC_WEAK = YES;
				CLANG_WARN_BLOCK_CAPTURE_AUTORELEASING = YES;
				CLANG_WARN_BOOL_CONVERSION = YES;
				CLANG_WARN_COMMA = YES;
				CLANG_WARN_CONSTANT_CONVERSION = YES;
				CLANG_WARN_DEPRECATED_OBJC_IMPLEMENTATIONS = YES;
				CLANG_WARN_DIRECT_OBJC_ISA_USAGE = YES_ERROR;
				CLANG_WARN_DOCUMENTATION_COMMENTS = YES;
				CLANG_WARN_EMPTY_BODY = YES;
				CLANG_WARN_ENUM_CONVERSION = YES;
				CLANG_WARN_INFINITE_RECURSION = YES;
				CLANG_WARN_INT_CONVERSION = YES;
				CLANG_WARN_NON_LITERAL_NULL_CONVERSION = YES;
				CLANG_WARN_OBJC_IMPLICIT_RETAIN_SELF = YES;
				CLANG_WARN_OBJC_LITERAL_CONVERSION = YES;
				CLANG_WARN_OBJC_ROOT_CLASS = YES_ERROR;
				CLANG_WARN_RANGE_LOOP_ANALYSIS = YES;
				CLANG_WARN_STRICT_PROTOTYPES = YES;
				CLANG_WARN_SUSPICIOUS_MOVE = YES;
				CLANG_WARN_UNGUARDED_AVAILABILITY = YES_AGGRESSIVE;
				CLANG_WARN_UNREACHABLE_CODE = YES;
				CLANG_WARN__DUPLICATE_METHOD_MATCH = YES;
				CODE_SIGN_IDENTITY = "iPhone Developer";
				COPY_PHASE_STRIP = NO;
				DEBUG_INFORMATION_FORMAT = dwarf;
				ENABLE_STRICT_OBJC_MSGSEND = YES;
				ENABLE_TESTABILITY = YES;
				GCC_C_LANGUAGE_STANDARD = gnu11;
				GCC_DYNAMIC_NO_PIC = NO;
				GCC_NO_COMMON_BLOCKS = YES;
				GCC_OPTIMIZATION_LEVEL = 0;
				GCC_PREPROCESSOR_DEFINITIONS = (
					"DEBUG=1",
					"$(inherited)",
				);
				GCC_WARN_64_TO_32_BIT_CONVERSION = YES;
				GCC_WARN_ABOUT_RETURN_TYPE = YES_ERROR;
				GCC_WARN_UNDECLARED_SELECTOR = YES;
				GCC_WARN_UNINITIALIZED_AUTOS = YES_AGGRESSIVE;
				GCC_WARN_UNUSED_FUNCTION = YES;
				GCC_WARN_UNUSED_VARIABLE = YES;
				IPHONEOS_DEPLOYMENT_TARGET = 12.1;
				MTL_ENABLE_DEBUG_INFO = INCLUDE_SOURCE;
				MTL_FAST_MATH = YES;
				ONLY_ACTIVE_ARCH = YES;
				SDKROOT = iphoneos;
				SWIFT_ACTIVE_COMPILATION_CONDITIONS = DEBUG;
				SWIFT_OPTIMIZATION_LEVEL = "-Onone";
			};
			name = Debug;
		};
		6181112422FAA6B60075DBFF /* Release */ = {
			isa = XCBuildConfiguration;
			buildSettings = {
				ALWAYS_SEARCH_USER_PATHS = NO;
				CLANG_ANALYZER_NONNULL = YES;
				CLANG_ANALYZER_NUMBER_OBJECT_CONVERSION = YES_AGGRESSIVE;
				CLANG_CXX_LANGUAGE_STANDARD = "gnu++14";
				CLANG_CXX_LIBRARY = "libc++";
				CLANG_ENABLE_MODULES = YES;
				CLANG_ENABLE_OBJC_ARC = YES;
				CLANG_ENABLE_OBJC_WEAK = YES;
				CLANG_WARN_BLOCK_CAPTURE_AUTORELEASING = YES;
				CLANG_WARN_BOOL_CONVERSION = YES;
				CLANG_WARN_COMMA = YES;
				CLANG_WARN_CONSTANT_CONVERSION = YES;
				CLANG_WARN_DEPRECATED_OBJC_IMPLEMENTATIONS = YES;
				CLANG_WARN_DIRECT_OBJC_ISA_USAGE = YES_ERROR;
				CLANG_WARN_DOCUMENTATION_COMMENTS = YES;
				CLANG_WARN_EMPTY_BODY = YES;
				CLANG_WARN_ENUM_CONVERSION = YES;
				CLANG_WARN_INFINITE_RECURSION = YES;
				CLANG_WARN_INT_CONVERSION = YES;
				CLANG_WARN_NON_LITERAL_NULL_CONVERSION = YES;
				CLANG_WARN_OBJC_IMPLICIT_RETAIN_SELF = YES;
				CLANG_WARN_OBJC_LITERAL_CONVERSION = YES;
				CLANG_WARN_OBJC_ROOT_CLASS = YES_ERROR;
				CLANG_WARN_RANGE_LOOP_ANALYSIS = YES;
				CLANG_WARN_STRICT_PROTOTYPES = YES;
				CLANG_WARN_SUSPICIOUS_MOVE = YES;
				CLANG_WARN_UNGUARDED_AVAILABILITY = YES_AGGRESSIVE;
				CLANG_WARN_UNREACHABLE_CODE = YES;
				CLANG_WARN__DUPLICATE_METHOD_MATCH = YES;
				CODE_SIGN_IDENTITY = "iPhone Developer";
				COPY_PHASE_STRIP = NO;
				DEBUG_INFORMATION_FORMAT = "dwarf-with-dsym";
				ENABLE_NS_ASSERTIONS = NO;
				ENABLE_STRICT_OBJC_MSGSEND = YES;
				GCC_C_LANGUAGE_STANDARD = gnu11;
				GCC_NO_COMMON_BLOCKS = YES;
				GCC_WARN_64_TO_32_BIT_CONVERSION = YES;
				GCC_WARN_ABOUT_RETURN_TYPE = YES_ERROR;
				GCC_WARN_UNDECLARED_SELECTOR = YES;
				GCC_WARN_UNINITIALIZED_AUTOS = YES_AGGRESSIVE;
				GCC_WARN_UNUSED_FUNCTION = YES;
				GCC_WARN_UNUSED_VARIABLE = YES;
				IPHONEOS_DEPLOYMENT_TARGET = 12.1;
				MTL_ENABLE_DEBUG_INFO = NO;
				MTL_FAST_MATH = YES;
				SDKROOT = iphoneos;
				SWIFT_COMPILATION_MODE = wholemodule;
				SWIFT_OPTIMIZATION_LEVEL = "-O";
				VALIDATE_PRODUCT = YES;
			};
			name = Release;
		};
		6181112622FAA6B60075DBFF /* Debug */ = {
			isa = XCBuildConfiguration;
			buildSettings = {
				ASSETCATALOG_COMPILER_APPICON_NAME = AppIcon;
				CODE_SIGN_STYLE = Automatic;
				DEVELOPMENT_TEAM = 5KP9CQZ2U4;
				INFOPLIST_FILE = TestViewControllerTransition0807/Info.plist;
				IPHONEOS_DEPLOYMENT_TARGET = 11.0;
				LD_RUNPATH_SEARCH_PATHS = (
					"$(inherited)",
					"@executable_path/Frameworks",
				);
				PRODUCT_BUNDLE_IDENTIFIER = com.brightcove.bckk.yuan.TestViewControllerTransition0807;
				PRODUCT_NAME = "$(TARGET_NAME)";
				SWIFT_VERSION = 4.2;
				TARGETED_DEVICE_FAMILY = "1,2";
			};
			name = Debug;
		};
		6181112722FAA6B60075DBFF /* Release */ = {
			isa = XCBuildConfiguration;
			buildSettings = {
				ASSETCATALOG_COMPILER_APPICON_NAME = AppIcon;
				CODE_SIGN_STYLE = Automatic;
				DEVELOPMENT_TEAM = 5KP9CQZ2U4;
				INFOPLIST_FILE = TestViewControllerTransition0807/Info.plist;
				IPHONEOS_DEPLOYMENT_TARGET = 11.0;
				LD_RUNPATH_SEARCH_PATHS = (
					"$(inherited)",
					"@executable_path/Frameworks",
				);
				PRODUCT_BUNDLE_IDENTIFIER = com.brightcove.bckk.yuan.TestViewControllerTransition0807;
				PRODUCT_NAME = "$(TARGET_NAME)";
				SWIFT_VERSION = 4.2;
				TARGETED_DEVICE_FAMILY = "1,2";
			};
			name = Release;
		};
/* End XCBuildConfiguration section */

/* Begin XCConfigurationList section */
		6181110E22FAA6B40075DBFF /* Build configuration list for PBXProject "TestViewControllerTransition0807" */ = {
			isa = XCConfigurationList;
			buildConfigurations = (
				6181112322FAA6B60075DBFF /* Debug */,
				6181112422FAA6B60075DBFF /* Release */,
			);
			defaultConfigurationIsVisible = 0;
			defaultConfigurationName = Release;
		};
		6181112522FAA6B60075DBFF /* Build configuration list for PBXNativeTarget "TestViewControllerTransition0807" */ = {
			isa = XCConfigurationList;
			buildConfigurations = (
				6181112622FAA6B60075DBFF /* Debug */,
				6181112722FAA6B60075DBFF /* Release */,
			);
			defaultConfigurationIsVisible = 0;
			defaultConfigurationName = Release;
		};
/* End XCConfigurationList section */
	};
	rootObject = 6181110B22FAA6B40075DBFF /* Project object */;
}
